
Microsoft Visual Studio Solution File, Format Version 12.00
# Visual Studio Version 16
VisualStudioVersion = 16.0.30503.244
MinimumVisualStudioVersion = 10.0.40219.1
Project("{FAE04EC0-301F-11D3-BF4B-00C04F79EFBC}") = "RecursionAndMultithreading", "RecursionAndMultithreading\RecursionAndMultithreading.csproj", "{96BCF403-E612-4465-81F1-D95ED060D322}"
EndProject
Project("{FAE04EC0-301F-11D3-BF4B-00C04F79EFBC}") = "MatrixScreen", "MatrixScreen\MatrixScreen.csproj", "{B2EDD859-199F-4EA8-AECE-1A4D5B593C65}"
EndProject
Global
	GlobalSection(SolutionConfigurationPlatforms) = preSolution
		Debug|Any CPU = Debug|Any CPU
		Release|Any CPU = Release|Any CPU
	EndGlobalSection
	GlobalSection(ProjectConfigurationPlatforms) = postSolution
		{96BCF403-E612-4465-81F1-D95ED060D322}.Debug|Any CPU.ActiveCfg = Debug|Any CPU
		{96BCF403-E612-4465-81F1-D95ED060D322}.Debug|Any CPU.Build.0 = Debug|Any CPU
		{96BCF403-E612-4465-81F1-D95ED060D322}.Release|Any CPU.ActiveCfg = Release|Any CPU
		{96BCF403-E612-4465-81F1-D95ED060D322}.Release|Any CPU.Build.0 = Release|Any CPU
		{B2EDD859-199F-4EA8-AECE-1A4D5B593C65}.Debug|Any CPU.ActiveCfg = Debug|Any CPU
		{B2EDD859-199F-4EA8-AECE-1A4D5B593C65}.Debug|Any CPU.Build.0 = Debug|Any CPU
		{B2EDD859-199F-4EA8-AECE-1A4D5B593C65}.Release|Any CPU.ActiveCfg = Release|Any CPU
		{B2EDD859-199F-4EA8-AECE-1A4D5B593C65}.Release|Any CPU.Build.0 = Release|Any CPU
	EndGlobalSection
	GlobalSection(SolutionProperties) = preSolution
		HideSolutionNode = FALSE
	EndGlobalSection
	GlobalSection(ExtensibilityGlobals) = postSolution
		SolutionGuid = {46B68C05-A897-44A8-9476-0CAFAD9616CC}
	EndGlobalSection
EndGlobal
