
Microsoft Visual Studio Solution File, Format Version 12.00
# Visual Studio Version 16
VisualStudioVersion = 16.0.30503.244
MinimumVisualStudioVersion = 10.0.40219.1
Project("{FAE04EC0-301F-11D3-BF4B-00C04F79EFBC}") = "ColorPrinter", "ColorPrinter\ColorPrinter.csproj", "{FFCE8ACF-9575-4C26-AEC7-FC30546C13A4}"
EndProject
Project("{FAE04EC0-301F-11D3-BF4B-00C04F79EFBC}") = "Classroom", "Classroom\Classroom.csproj", "{76E32D5D-54EC-4699-BAD2-B5633B033950}"
EndProject
Project("{FAE04EC0-301F-11D3-BF4B-00C04F79EFBC}") = "Vehicles", "Vehicles\Vehicles.csproj", "{8E85C5E6-D2EF-4750-9806-556F2D7AD2FD}"
EndProject
Project("{FAE04EC0-301F-11D3-BF4B-00C04F79EFBC}") = "DocumentAccessLevels", "DocumentAccessLevels\DocumentAccessLevels.csproj", "{8449D22B-7D46-4113-8796-BE9D6D66E47B}"
EndProject
Global
	GlobalSection(SolutionConfigurationPlatforms) = preSolution
		Debug|Any CPU = Debug|Any CPU
		Release|Any CPU = Release|Any CPU
	EndGlobalSection
	GlobalSection(ProjectConfigurationPlatforms) = postSolution
		{FFCE8ACF-9575-4C26-AEC7-FC30546C13A4}.Debug|Any CPU.ActiveCfg = Debug|Any CPU
		{FFCE8ACF-9575-4C26-AEC7-FC30546C13A4}.Debug|Any CPU.Build.0 = Debug|Any CPU
		{FFCE8ACF-9575-4C26-AEC7-FC30546C13A4}.Release|Any CPU.ActiveCfg = Release|Any CPU
		{FFCE8ACF-9575-4C26-AEC7-FC30546C13A4}.Release|Any CPU.Build.0 = Release|Any CPU
		{76E32D5D-54EC-4699-BAD2-B5633B033950}.Debug|Any CPU.ActiveCfg = Debug|Any CPU
		{76E32D5D-54EC-4699-BAD2-B5633B033950}.Debug|Any CPU.Build.0 = Debug|Any CPU
		{76E32D5D-54EC-4699-BAD2-B5633B033950}.Release|Any CPU.ActiveCfg = Release|Any CPU
		{76E32D5D-54EC-4699-BAD2-B5633B033950}.Release|Any CPU.Build.0 = Release|Any CPU
		{8E85C5E6-D2EF-4750-9806-556F2D7AD2FD}.Debug|Any CPU.ActiveCfg = Debug|Any CPU
		{8E85C5E6-D2EF-4750-9806-556F2D7AD2FD}.Debug|Any CPU.Build.0 = Debug|Any CPU
		{8E85C5E6-D2EF-4750-9806-556F2D7AD2FD}.Release|Any CPU.ActiveCfg = Release|Any CPU
		{8E85C5E6-D2EF-4750-9806-556F2D7AD2FD}.Release|Any CPU.Build.0 = Release|Any CPU
		{8449D22B-7D46-4113-8796-BE9D6D66E47B}.Debug|Any CPU.ActiveCfg = Debug|Any CPU
		{8449D22B-7D46-4113-8796-BE9D6D66E47B}.Debug|Any CPU.Build.0 = Debug|Any CPU
		{8449D22B-7D46-4113-8796-BE9D6D66E47B}.Release|Any CPU.ActiveCfg = Release|Any CPU
		{8449D22B-7D46-4113-8796-BE9D6D66E47B}.Release|Any CPU.Build.0 = Release|Any CPU
	EndGlobalSection
	GlobalSection(SolutionProperties) = preSolution
		HideSolutionNode = FALSE
	EndGlobalSection
	GlobalSection(ExtensibilityGlobals) = postSolution
		SolutionGuid = {513743BF-8048-4619-BE18-3EA5D7891CA0}
	EndGlobalSection
EndGlobal
