
Microsoft Visual Studio Solution File, Format Version 12.00
# Visual Studio Version 16
VisualStudioVersion = 16.0.30621.155
MinimumVisualStudioVersion = 10.0.40219.1
Project("{FAE04EC0-301F-11D3-BF4B-00C04F79EFBC}") = "UsingYield", "UsingYield\UsingYield.csproj", "{452A4221-8602-476E-ADF7-CB0D1A532987}"
EndProject
Project("{FAE04EC0-301F-11D3-BF4B-00C04F79EFBC}") = "MonthsCollection", "MonthsCollection\MonthsCollection.csproj", "{D4F87A34-A101-49EE-BC3F-6ECEBDABADB0}"
EndProject
Project("{FAE04EC0-301F-11D3-BF4B-00C04F79EFBC}") = "CitizenList", "CitizenList\CitizenList.csproj", "{73DE7630-478E-4F4E-A2C3-61539F74E422}"
EndProject
Global
	GlobalSection(SolutionConfigurationPlatforms) = preSolution
		Debug|Any CPU = Debug|Any CPU
		Release|Any CPU = Release|Any CPU
	EndGlobalSection
	GlobalSection(ProjectConfigurationPlatforms) = postSolution
		{452A4221-8602-476E-ADF7-CB0D1A532987}.Debug|Any CPU.ActiveCfg = Debug|Any CPU
		{452A4221-8602-476E-ADF7-CB0D1A532987}.Debug|Any CPU.Build.0 = Debug|Any CPU
		{452A4221-8602-476E-ADF7-CB0D1A532987}.Release|Any CPU.ActiveCfg = Release|Any CPU
		{452A4221-8602-476E-ADF7-CB0D1A532987}.Release|Any CPU.Build.0 = Release|Any CPU
		{D4F87A34-A101-49EE-BC3F-6ECEBDABADB0}.Debug|Any CPU.ActiveCfg = Debug|Any CPU
		{D4F87A34-A101-49EE-BC3F-6ECEBDABADB0}.Debug|Any CPU.Build.0 = Debug|Any CPU
		{D4F87A34-A101-49EE-BC3F-6ECEBDABADB0}.Release|Any CPU.ActiveCfg = Release|Any CPU
		{D4F87A34-A101-49EE-BC3F-6ECEBDABADB0}.Release|Any CPU.Build.0 = Release|Any CPU
		{73DE7630-478E-4F4E-A2C3-61539F74E422}.Debug|Any CPU.ActiveCfg = Debug|Any CPU
		{73DE7630-478E-4F4E-A2C3-61539F74E422}.Debug|Any CPU.Build.0 = Debug|Any CPU
		{73DE7630-478E-4F4E-A2C3-61539F74E422}.Release|Any CPU.ActiveCfg = Release|Any CPU
		{73DE7630-478E-4F4E-A2C3-61539F74E422}.Release|Any CPU.Build.0 = Release|Any CPU
	EndGlobalSection
	GlobalSection(SolutionProperties) = preSolution
		HideSolutionNode = FALSE
	EndGlobalSection
	GlobalSection(ExtensibilityGlobals) = postSolution
		SolutionGuid = {6EC32359-B6A0-43D1-B1BB-AEDBF21B658F}
	EndGlobalSection
EndGlobal
