
Microsoft Visual Studio Solution File, Format Version 12.00
# Visual Studio Version 16
VisualStudioVersion = 16.0.30503.244
MinimumVisualStudioVersion = 10.0.40219.1
Project("{FAE04EC0-301F-11D3-BF4B-00C04F79EFBC}") = "MyArrayList", "ArrayList\MyArrayList.csproj", "{563C1AA4-F657-4625-9DAA-061E33EA4C69}"
EndProject
Project("{FAE04EC0-301F-11D3-BF4B-00C04F79EFBC}") = "CarCollection", "CarCollection\CarCollection.csproj", "{069E8A0B-DD01-4B18-91A6-C39664FF6D4C}"
EndProject
Project("{FAE04EC0-301F-11D3-BF4B-00C04F79EFBC}") = "Dictionary", "Dictionary\Dictionary.csproj", "{988AA44E-DC79-4376-837F-F5DB79FEEFC3}"
EndProject
Project("{FAE04EC0-301F-11D3-BF4B-00C04F79EFBC}") = "CustomArrayList", "List\CustomArrayList.csproj", "{EA646A72-DC48-49F6-A932-3BD8CFFA2FDA}"
EndProject
Project("{FAE04EC0-301F-11D3-BF4B-00C04F79EFBC}") = "LetterGame", "LetterGame\LetterGame.csproj", "{43E01A5C-EC64-41CF-8C84-DFF6C358DAF8}"
EndProject
Global
	GlobalSection(SolutionConfigurationPlatforms) = preSolution
		Debug|Any CPU = Debug|Any CPU
		Release|Any CPU = Release|Any CPU
	EndGlobalSection
	GlobalSection(ProjectConfigurationPlatforms) = postSolution
		{563C1AA4-F657-4625-9DAA-061E33EA4C69}.Debug|Any CPU.ActiveCfg = Debug|Any CPU
		{563C1AA4-F657-4625-9DAA-061E33EA4C69}.Debug|Any CPU.Build.0 = Debug|Any CPU
		{563C1AA4-F657-4625-9DAA-061E33EA4C69}.Release|Any CPU.ActiveCfg = Release|Any CPU
		{563C1AA4-F657-4625-9DAA-061E33EA4C69}.Release|Any CPU.Build.0 = Release|Any CPU
		{069E8A0B-DD01-4B18-91A6-C39664FF6D4C}.Debug|Any CPU.ActiveCfg = Debug|Any CPU
		{069E8A0B-DD01-4B18-91A6-C39664FF6D4C}.Debug|Any CPU.Build.0 = Debug|Any CPU
		{069E8A0B-DD01-4B18-91A6-C39664FF6D4C}.Release|Any CPU.ActiveCfg = Release|Any CPU
		{069E8A0B-DD01-4B18-91A6-C39664FF6D4C}.Release|Any CPU.Build.0 = Release|Any CPU
		{988AA44E-DC79-4376-837F-F5DB79FEEFC3}.Debug|Any CPU.ActiveCfg = Debug|Any CPU
		{988AA44E-DC79-4376-837F-F5DB79FEEFC3}.Debug|Any CPU.Build.0 = Debug|Any CPU
		{988AA44E-DC79-4376-837F-F5DB79FEEFC3}.Release|Any CPU.ActiveCfg = Release|Any CPU
		{988AA44E-DC79-4376-837F-F5DB79FEEFC3}.Release|Any CPU.Build.0 = Release|Any CPU
		{EA646A72-DC48-49F6-A932-3BD8CFFA2FDA}.Debug|Any CPU.ActiveCfg = Debug|Any CPU
		{EA646A72-DC48-49F6-A932-3BD8CFFA2FDA}.Debug|Any CPU.Build.0 = Debug|Any CPU
		{EA646A72-DC48-49F6-A932-3BD8CFFA2FDA}.Release|Any CPU.ActiveCfg = Release|Any CPU
		{EA646A72-DC48-49F6-A932-3BD8CFFA2FDA}.Release|Any CPU.Build.0 = Release|Any CPU
		{43E01A5C-EC64-41CF-8C84-DFF6C358DAF8}.Debug|Any CPU.ActiveCfg = Debug|Any CPU
		{43E01A5C-EC64-41CF-8C84-DFF6C358DAF8}.Debug|Any CPU.Build.0 = Debug|Any CPU
		{43E01A5C-EC64-41CF-8C84-DFF6C358DAF8}.Release|Any CPU.ActiveCfg = Release|Any CPU
		{43E01A5C-EC64-41CF-8C84-DFF6C358DAF8}.Release|Any CPU.Build.0 = Release|Any CPU
	EndGlobalSection
	GlobalSection(SolutionProperties) = preSolution
		HideSolutionNode = FALSE
	EndGlobalSection
	GlobalSection(ExtensibilityGlobals) = postSolution
		SolutionGuid = {3423D5DF-D648-4002-BA84-8735D2669B20}
	EndGlobalSection
EndGlobal
